
Microsoft Visual Studio Solution File, Format Version 12.00
# Visual Studio 14
VisualStudioVersion = 14.0.23107.0
MinimumVisualStudioVersion = 10.0.40219.1
Project("{FAE04EC0-301F-11D3-BF4B-00C04F79EFBC}") = "console_demo", "console_demo\console_demo.csproj", "{172C9406-FA54-499D-A301-ADD52941A824}"
EndProject
Project("{FAE04EC0-301F-11D3-BF4B-00C04F79EFBC}") = "MaxScript", "MaxScript\MaxScript.csproj", "{7CCABA4B-AB99-4489-A720-176095D5295A}"
EndProject
Project("{FAE04EC0-301F-11D3-BF4B-00C04F79EFBC}") = "Send2Max", "Send2Max\Send2Max.csproj", "{8BCC31CE-7770-4AB3-9CA5-AD1DE5F1104F}"
EndProject
Global
	GlobalSection(SolutionConfigurationPlatforms) = preSolution
		Debug|Any CPU = Debug|Any CPU
		Release|Any CPU = Release|Any CPU
	EndGlobalSection
	GlobalSection(ProjectConfigurationPlatforms) = postSolution
		{172C9406-FA54-499D-A301-ADD52941A824}.Debug|Any CPU.ActiveCfg = Debug|Any CPU
		{172C9406-FA54-499D-A301-ADD52941A824}.Debug|Any CPU.Build.0 = Debug|Any CPU
		{172C9406-FA54-499D-A301-ADD52941A824}.Release|Any CPU.ActiveCfg = Release|Any CPU
		{172C9406-FA54-499D-A301-ADD52941A824}.Release|Any CPU.Build.0 = Release|Any CPU
		{7CCABA4B-AB99-4489-A720-176095D5295A}.Debug|Any CPU.ActiveCfg = Debug|Any CPU
		{7CCABA4B-AB99-4489-A720-176095D5295A}.Debug|Any CPU.Build.0 = Debug|Any CPU
		{7CCABA4B-AB99-4489-A720-176095D5295A}.Release|Any CPU.ActiveCfg = Release|Any CPU
		{7CCABA4B-AB99-4489-A720-176095D5295A}.Release|Any CPU.Build.0 = Release|Any CPU
		{8BCC31CE-7770-4AB3-9CA5-AD1DE5F1104F}.Debug|Any CPU.ActiveCfg = Debug|Any CPU
		{8BCC31CE-7770-4AB3-9CA5-AD1DE5F1104F}.Debug|Any CPU.Build.0 = Debug|Any CPU
		{8BCC31CE-7770-4AB3-9CA5-AD1DE5F1104F}.Release|Any CPU.ActiveCfg = Release|Any CPU
		{8BCC31CE-7770-4AB3-9CA5-AD1DE5F1104F}.Release|Any CPU.Build.0 = Release|Any CPU
	EndGlobalSection
	GlobalSection(SolutionProperties) = preSolution
		HideSolutionNode = FALSE
	EndGlobalSection
EndGlobal
